// !$*UTF8*$!
{
	archiveVersion = 1;
	classes = {
	};
	objectVersion = 48;
	objects = {

/* Begin PBXBuildFile section */
		1502F1ED201FABCD00004669 /* AddViewController.swift in Sources */ = {isa = PBXBuildFile; fileRef = 1502F1EC201FABCD00004669 /* AddViewController.swift */; };
		1502F1EF201FAD0100004669 /* AddPhotoViewController.swift in Sources */ = {isa = PBXBuildFile; fileRef = 1502F1EE201FAD0100004669 /* AddPhotoViewController.swift */; };
		1502F1F12021643300004669 /* AddPhotoViewControllerDelegate.swift in Sources */ = {isa = PBXBuildFile; fileRef = 1502F1F02021643300004669 /* AddPhotoViewControllerDelegate.swift */; };
		158CF9462022A73700B6B822 /* AddTripViewController.swift in Sources */ = {isa = PBXBuildFile; fileRef = 158CF9452022A73700B6B822 /* AddTripViewController.swift */; };
		158CF9482022D28100B6B822 /* tripsViewController.swift in Sources */ = {isa = PBXBuildFile; fileRef = 158CF9472022D28100B6B822 /* tripsViewController.swift */; };
		158CF94A2023DF7100B6B822 /* Cell.swift in Sources */ = {isa = PBXBuildFile; fileRef = 158CF9492023DF7100B6B822 /* Cell.swift */; };
		15AF09BC2016CF470059E6E1 /* AppDelegate.swift in Sources */ = {isa = PBXBuildFile; fileRef = 15AF09BB2016CF470059E6E1 /* AppDelegate.swift */; };
		15AF09C12016CF470059E6E1 /* Main.storyboard in Resources */ = {isa = PBXBuildFile; fileRef = 15AF09BF2016CF470059E6E1 /* Main.storyboard */; };
		15AF09C42016CF470059E6E1 /* travelogue.xcdatamodeld in Sources */ = {isa = PBXBuildFile; fileRef = 15AF09C22016CF470059E6E1 /* travelogue.xcdatamodeld */; };
		15AF09C62016CF470059E6E1 /* Assets.xcassets in Resources */ = {isa = PBXBuildFile; fileRef = 15AF09C52016CF470059E6E1 /* Assets.xcassets */; };
		15AF09C92016CF470059E6E1 /* LaunchScreen.storyboard in Resources */ = {isa = PBXBuildFile; fileRef = 15AF09C72016CF470059E6E1 /* LaunchScreen.storyboard */; };
/* End PBXBuildFile section */

/* Begin PBXFileReference section */
		1502F1EC201FABCD00004669 /* AddViewController.swift */ = {isa = PBXFileReference; lastKnownFileType = sourcecode.swift; path = AddViewController.swift; sourceTree = "<group>"; };
		1502F1EE201FAD0100004669 /* AddPhotoViewController.swift */ = {isa = PBXFileReference; lastKnownFileType = sourcecode.swift; path = AddPhotoViewController.swift; sourceTree = "<group>"; };
		1502F1F02021643300004669 /* AddPhotoViewControllerDelegate.swift */ = {isa = PBXFileReference; lastKnownFileType = sourcecode.swift; path = AddPhotoViewControllerDelegate.swift; sourceTree = "<group>"; };
		158CF9452022A73700B6B822 /* AddTripViewController.swift */ = {isa = PBXFileReference; lastKnownFileType = sourcecode.swift; path = AddTripViewController.swift; sourceTree = "<group>"; };
		158CF9472022D28100B6B822 /* tripsViewController.swift */ = {isa = PBXFileReference; lastKnownFileType = sourcecode.swift; path = tripsViewController.swift; sourceTree = "<group>"; };
		158CF9492023DF7100B6B822 /* Cell.swift */ = {isa = PBXFileReference; lastKnownFileType = sourcecode.swift; path = Cell.swift; sourceTree = "<group>"; };
		15AF09B82016CF470059E6E1 /* travelogue.app */ = {isa = PBXFileReference; explicitFileType = wrapper.application; includeInIndex = 0; path = travelogue.app; sourceTree = BUILT_PRODUCTS_DIR; };
		15AF09BB2016CF470059E6E1 /* AppDelegate.swift */ = {isa = PBXFileReference; lastKnownFileType = sourcecode.swift; path = AppDelegate.swift; sourceTree = "<group>"; };
		15AF09C02016CF470059E6E1 /* Base */ = {isa = PBXFileReference; lastKnownFileType = file.storyboard; name = Base; path = Base.lproj/Main.storyboard; sourceTree = "<group>"; };
		15AF09C32016CF470059E6E1 /* myDogs.xcdatamodel */ = {isa = PBXFileReference; lastKnownFileType = wrapper.xcdatamodel; path = myDogs.xcdatamodel; sourceTree = "<group>"; };
		15AF09C52016CF470059E6E1 /* Assets.xcassets */ = {isa = PBXFileReference; lastKnownFileType = folder.assetcatalog; path = Assets.xcassets; sourceTree = "<group>"; };
		15AF09C82016CF470059E6E1 /* Base */ = {isa = PBXFileReference; lastKnownFileType = file.storyboard; name = Base; path = Base.lproj/LaunchScreen.storyboard; sourceTree = "<group>"; };
		15AF09CA2016CF470059E6E1 /* Info.plist */ = {isa = PBXFileReference; lastKnownFileType = text.plist.xml; path = Info.plist; sourceTree = "<group>"; };
/* End PBXFileReference section */

/* Begin PBXFrameworksBuildPhase section */
		15AF09B52016CF470059E6E1 /* Frameworks */ = {
			isa = PBXFrameworksBuildPhase;
			buildActionMask = 2147483647;
			files = (
			);
			runOnlyForDeploymentPostprocessing = 0;
		};
/* End PBXFrameworksBuildPhase section */

/* Begin PBXGroup section */
		15AF09AF2016CF470059E6E1 = {
			isa = PBXGroup;
			children = (
				15AF09BA2016CF470059E6E1 /* travelogue */,
				15AF09B92016CF470059E6E1 /* Products */,
			);
			sourceTree = "<group>";
		};
		15AF09B92016CF470059E6E1 /* Products */ = {
			isa = PBXGroup;
			children = (
				15AF09B82016CF470059E6E1 /* travelogue.app */,
			);
			name = Products;
			sourceTree = "<group>";
		};
		15AF09BA2016CF470059E6E1 /* travelogue */ = {
			isa = PBXGroup;
			children = (
				15AF09BB2016CF470059E6E1 /* AppDelegate.swift */,
				15AF09BF2016CF470059E6E1 /* Main.storyboard */,
				158CF9492023DF7100B6B822 /* Cell.swift */,
				158CF9472022D28100B6B822 /* tripsViewController.swift */,
				158CF9452022A73700B6B822 /* AddTripViewController.swift */,
				1502F1F02021643300004669 /* AddPhotoViewControllerDelegate.swift */,
				1502F1EE201FAD0100004669 /* AddPhotoViewController.swift */,
				1502F1EC201FABCD00004669 /* AddViewController.swift */,
				15AF09C52016CF470059E6E1 /* Assets.xcassets */,
				15AF09C72016CF470059E6E1 /* LaunchScreen.storyboard */,
				15AF09CA2016CF470059E6E1 /* Info.plist */,
				15AF09C22016CF470059E6E1 /* travelogue.xcdatamodeld */,
			);
			path = travelogue;
			sourceTree = "<group>";
		};
/* End PBXGroup section */

/* Begin PBXNativeTarget section */
		15AF09B72016CF470059E6E1 /* travelogue */ = {
			isa = PBXNativeTarget;
			buildConfigurationList = 15AF09CD2016CF470059E6E1 /* Build configuration list for PBXNativeTarget "travelogue" */;
			buildPhases = (
				15AF09B42016CF470059E6E1 /* Sources */,
				15AF09B52016CF470059E6E1 /* Frameworks */,
				15AF09B62016CF470059E6E1 /* Resources */,
			);
			buildRules = (
			);
			dependencies = (
			);
			name = travelogue;
			productName = myDogs;
			productReference = 15AF09B82016CF470059E6E1 /* travelogue.app */;
			productType = "com.apple.product-type.application";
		};
/* End PBXNativeTarget section */

/* Begin PBXProject section */
		15AF09B02016CF470059E6E1 /* Project object */ = {
			isa = PBXProject;
			attributes = {
				LastSwiftUpdateCheck = 0920;
				LastUpgradeCheck = 0940;
				ORGANIZATIONNAME = "Jacob Hassler";
				TargetAttributes = {
					15AF09B72016CF470059E6E1 = {
						CreatedOnToolsVersion = 9.2;
						ProvisioningStyle = Automatic;
					};
				};
			};
			buildConfigurationList = 15AF09B32016CF470059E6E1 /* Build configuration list for PBXProject "travelogue" */;
			compatibilityVersion = "Xcode 8.0";
			developmentRegion = en;
			hasScannedForEncodings = 0;
			knownRegions = (
				en,
				Base,
			);
			mainGroup = 15AF09AF2016CF470059E6E1;
			productRefGroup = 15AF09B92016CF470059E6E1 /* Products */;
			projectDirPath = "";
			projectRoot = "";
			targets = (
				15AF09B72016CF470059E6E1 /* travelogue */,
			);
		};
/* End PBXProject section */

/* Begin PBXResourcesBuildPhase section */
		15AF09B62016CF470059E6E1 /* Resources */ = {
			isa = PBXResourcesBuildPhase;
			buildActionMask = 2147483647;
			files = (
				15AF09C92016CF470059E6E1 /* LaunchScreen.storyboard in Resources */,
				15AF09C62016CF470059E6E1 /* Assets.xcassets in Resources */,
				15AF09C12016CF470059E6E1 /* Main.storyboard in Resources */,
			);
			runOnlyForDeploymentPostprocessing = 0;
		};
/* End PBXResourcesBuildPhase section */

/* Begin PBXSourcesBuildPhase section */
		15AF09B42016CF470059E6E1 /* Sources */ = {
			isa = PBXSourcesBuildPhase;
			buildActionMask = 2147483647;
			files = (
				15AF09BC2016CF470059E6E1 /* AppDelegate.swift in Sources */,
				1502F1EF201FAD0100004669 /* AddPhotoViewController.swift in Sources */,
				158CF94A2023DF7100B6B822 /* Cell.swift in Sources */,
				158CF9482022D28100B6B822 /* tripsViewController.swift in Sources */,
				15AF09C42016CF470059E6E1 /* travelogue.xcdatamodeld in Sources */,
				1502F1F12021643300004669 /* AddPhotoViewControllerDelegate.swift in Sources */,
				158CF9462022A73700B6B822 /* AddTripViewController.swift in Sources */,
				1502F1ED201FABCD00004669 /* AddViewController.swift in Sources */,
			);
			runOnlyForDeploymentPostprocessing = 0;
		};
/* End PBXSourcesBuildPhase section */

/* Begin PBXVariantGroup section */
		15AF09BF2016CF470059E6E1 /* Main.storyboard */ = {
			isa = PBXVariantGroup;
			children = (
				15AF09C02016CF470059E6E1 /* Base */,
			);
			name = Main.storyboard;
			sourceTree = "<group>";
		};
		15AF09C72016CF470059E6E1 /* LaunchScreen.storyboard */ = {
			isa = PBXVariantGroup;
			children = (
				15AF09C82016CF470059E6E1 /* Base */,
			);
			name = LaunchScreen.storyboard;
			sourceTree = "<group>";
		};
/* End PBXVariantGroup section */

/* Begin XCBuildConfiguration section */
		15AF09CB2016CF470059E6E1 /* Debug */ = {
			isa = XCBuildConfiguration;
			buildSettings = {
				ALWAYS_SEARCH_USER_PATHS = NO;
				CLANG_ANALYZER_NONNULL = YES;
				CLANG_ANALYZER_NUMBER_OBJECT_CONVERSION = YES_AGGRESSIVE;
				CLANG_CXX_LANGUAGE_STANDARD = "gnu++14";
				CLANG_CXX_LIBRARY = "libc++";
				CLANG_ENABLE_MODULES = YES;
				CLANG_ENABLE_OBJC_ARC = YES;
				CLANG_WARN_BLOCK_CAPTURE_AUTORELEASING = YES;
				CLANG_WARN_BOOL_CONVERSION = YES;
				CLANG_WARN_COMMA = YES;
				CLANG_WARN_CONSTANT_CONVERSION = YES;
				CLANG_WARN_DEPRECATED_OBJC_IMPLEMENTATIONS = YES;
				CLANG_WARN_DIRECT_OBJC_ISA_USAGE = YES_ERROR;
				CLANG_WARN_DOCUMENTATION_COMMENTS = YES;
				CLANG_WARN_EMPTY_BODY = YES;
				CLANG_WARN_ENUM_CONVERSION = YES;
				CLANG_WARN_INFINITE_RECURSION = YES;
				CLANG_WARN_INT_CONVERSION = YES;
				CLANG_WARN_NON_LITERAL_NULL_CONVERSION = YES;
				CLANG_WARN_OBJC_IMPLICIT_RETAIN_SELF = YES;
				CLANG_WARN_OBJC_LITERAL_CONVERSION = YES;
				CLANG_WARN_OBJC_ROOT_CLASS = YES_ERROR;
				CLANG_WARN_RANGE_LOOP_ANALYSIS = YES;
				CLANG_WARN_STRICT_PROTOTYPES = YES;
				CLANG_WARN_SUSPICIOUS_MOVE = YES;
				CLANG_WARN_UNGUARDED_AVAILABILITY = YES_AGGRESSIVE;
				CLANG_WARN_UNREACHABLE_CODE = YES;
				CLANG_WARN__DUPLICATE_METHOD_MATCH = YES;
				CODE_SIGN_IDENTITY = "iPhone Developer";
				COPY_PHASE_STRIP = NO;
				DEBUG_INFORMATION_FORMAT = dwarf;
				ENABLE_STRICT_OBJC_MSGSEND = YES;
				ENABLE_TESTABILITY = YES;
				GCC_C_LANGUAGE_STANDARD = gnu11;
				GCC_DYNAMIC_NO_PIC = NO;
				GCC_NO_COMMON_BLOCKS = YES;
				GCC_OPTIMIZATION_LEVEL = 0;
				GCC_PREPROCESSOR_DEFINITIONS = (
					"DEBUG=1",
					"$(inherited)",
				);
				GCC_WARN_64_TO_32_BIT_CONVERSION = YES;
				GCC_WARN_ABOUT_RETURN_TYPE = YES_ERROR;
				GCC_WARN_UNDECLARED_SELECTOR = YES;
				GCC_WARN_UNINITIALIZED_AUTOS = YES_AGGRESSIVE;
				GCC_WARN_UNUSED_FUNCTION = YES;
				GCC_WARN_UNUSED_VARIABLE = YES;
				IPHONEOS_DEPLOYMENT_TARGET = 11.2;
				MTL_ENABLE_DEBUG_INFO = YES;
				ONLY_ACTIVE_ARCH = YES;
				SDKROOT = iphoneos;
				SWIFT_ACTIVE_COMPILATION_CONDITIONS = DEBUG;
				SWIFT_OPTIMIZATION_LEVEL = "-Onone";
			};
			name = Debug;
		};
		15AF09CC2016CF470059E6E1 /* Release */ = {
			isa = XCBuildConfiguration;
			buildSettings = {
				ALWAYS_SEARCH_USER_PATHS = NO;
				CLANG_ANALYZER_NONNULL = YES;
				CLANG_ANALYZER_NUMBER_OBJECT_CONVERSION = YES_AGGRESSIVE;
				CLANG_CXX_LANGUAGE_STANDARD = "gnu++14";
				CLANG_CXX_LIBRARY = "libc++";
				CLANG_ENABLE_MODULES = YES;
				CLANG_ENABLE_OBJC_ARC = YES;
				CLANG_WARN_BLOCK_CAPTURE_AUTORELEASING = YES;
				CLANG_WARN_BOOL_CONVERSION = YES;
				CLANG_WARN_COMMA = YES;
				CLANG_WARN_CONSTANT_CONVERSION = YES;
				CLANG_WARN_DEPRECATED_OBJC_IMPLEMENTATIONS = YES;
				CLANG_WARN_DIRECT_OBJC_ISA_USAGE = YES_ERROR;
				CLANG_WARN_DOCUMENTATION_COMMENTS = YES;
				CLANG_WARN_EMPTY_BODY = YES;
				CLANG_WARN_ENUM_CONVERSION = YES;
				CLANG_WARN_INFINITE_RECURSION = YES;
				CLANG_WARN_INT_CONVERSION = YES;
				CLANG_WARN_NON_LITERAL_NULL_CONVERSION = YES;
				CLANG_WARN_OBJC_IMPLICIT_RETAIN_SELF = YES;
				CLANG_WARN_OBJC_LITERAL_CONVERSION = YES;
				CLANG_WARN_OBJC_ROOT_CLASS = YES_ERROR;
				CLANG_WARN_RANGE_LOOP_ANALYSIS = YES;
				CLANG_WARN_STRICT_PROTOTYPES = YES;
				CLANG_WARN_SUSPICIOUS_MOVE = YES;
				CLANG_WARN_UNGUARDED_AVAILABILITY = YES_AGGRESSIVE;
				CLANG_WARN_UNREACHABLE_CODE = YES;
				CLANG_WARN__DUPLICATE_METHOD_MATCH = YES;
				CODE_SIGN_IDENTITY = "iPhone Developer";
				COPY_PHASE_STRIP = NO;
				DEBUG_INFORMATION_FORMAT = "dwarf-with-dsym";
				ENABLE_NS_ASSERTIONS = NO;
				ENABLE_STRICT_OBJC_MSGSEND = YES;
				GCC_C_LANGUAGE_STANDARD = gnu11;
				GCC_NO_COMMON_BLOCKS = YES;
				GCC_WARN_64_TO_32_BIT_CONVERSION = YES;
				GCC_WARN_ABOUT_RETURN_TYPE = YES_ERROR;
				GCC_WARN_UNDECLARED_SELECTOR = YES;
				GCC_WARN_UNINITIALIZED_AUTOS = YES_AGGRESSIVE;
				GCC_WARN_UNUSED_FUNCTION = YES;
				GCC_WARN_UNUSED_VARIABLE = YES;
				IPHONEOS_DEPLOYMENT_TARGET = 11.2;
				MTL_ENABLE_DEBUG_INFO = NO;
				SDKROOT = iphoneos;
				SWIFT_OPTIMIZATION_LEVEL = "-Owholemodule";
				VALIDATE_PRODUCT = YES;
			};
			name = Release;
		};
		15AF09CE2016CF470059E6E1 /* Debug */ = {
			isa = XCBuildConfiguration;
			buildSettings = {
				ASSETCATALOG_COMPILER_APPICON_NAME = AppIcon;
				CODE_SIGN_STYLE = Automatic;
				DEVELOPMENT_TEAM = 449G6Q67DX;
				INFOPLIST_FILE = travelogue/Info.plist;
				LD_RUNPATH_SEARCH_PATHS = "$(inherited) @executable_path/Frameworks";
				PRODUCT_BUNDLE_IDENTIFIER = testApp.travelogue;
				PRODUCT_NAME = "$(TARGET_NAME)";
				SWIFT_VERSION = 4.0;
				TARGETED_DEVICE_FAMILY = "1,2";
			};
			name = Debug;
		};
		15AF09CF2016CF470059E6E1 /* Release */ = {
			isa = XCBuildConfiguration;
			buildSettings = {
				ASSETCATALOG_COMPILER_APPICON_NAME = AppIcon;
				CODE_SIGN_STYLE = Automatic;
				DEVELOPMENT_TEAM = 449G6Q67DX;
				INFOPLIST_FILE = travelogue/Info.plist;
				LD_RUNPATH_SEARCH_PATHS = "$(inherited) @executable_path/Frameworks";
				PRODUCT_BUNDLE_IDENTIFIER = testApp.travelogue;
				PRODUCT_NAME = "$(TARGET_NAME)";
				SWIFT_VERSION = 4.0;
				TARGETED_DEVICE_FAMILY = "1,2";
			};
			name = Release;
		};
/* End XCBuildConfiguration section */

/* Begin XCConfigurationList section */
		15AF09B32016CF470059E6E1 /* Build configuration list for PBXProject "travelogue" */ = {
			isa = XCConfigurationList;
			buildConfigurations = (
				15AF09CB2016CF470059E6E1 /* Debug */,
				15AF09CC2016CF470059E6E1 /* Release */,
			);
			defaultConfigurationIsVisible = 0;
			defaultConfigurationName = Release;
		};
		15AF09CD2016CF470059E6E1 /* Build configuration list for PBXNativeTarget "travelogue" */ = {
			isa = XCConfigurationList;
			buildConfigurations = (
				15AF09CE2016CF470059E6E1 /* Debug */,
				15AF09CF2016CF470059E6E1 /* Release */,
			);
			defaultConfigurationIsVisible = 0;
			defaultConfigurationName = Release;
		};
/* End XCConfigurationList section */

/* Begin XCVersionGroup section */
		15AF09C22016CF470059E6E1 /* travelogue.xcdatamodeld */ = {
			isa = XCVersionGroup;
			children = (
				15AF09C32016CF470059E6E1 /* myDogs.xcdatamodel */,
			);
			currentVersion = 15AF09C32016CF470059E6E1 /* myDogs.xcdatamodel */;
			path = travelogue.xcdatamodeld;
			sourceTree = "<group>";
			versionGroupType = wrapper.xcdatamodel;
		};
/* End XCVersionGroup section */
	};
	rootObject = 15AF09B02016CF470059E6E1 /* Project object */;
}
